
Microsoft Visual Studio Solution File, Format Version 12.00
# Visual Studio 14
VisualStudioVersion = 14.0.25420.1
MinimumVisualStudioVersion = 10.0.40219.1
Project("{2150E333-8FDC-42A3-9474-1A3956D46DE8}") = "src", "src", "{D9483E1A-4C7D-4B05-BE85-7CAE38157FDB}"
EndProject
Project("{2150E333-8FDC-42A3-9474-1A3956D46DE8}") = "Solution Items", "Solution Items", "{A8F5365D-667C-4CB0-A6AB-C3D920E522C7}"
	ProjectSection(SolutionItems) = preProject
		global.json = global.json
	EndProjectSection
EndProject
Project("{8BB2217D-0F2D-49D1-97BC-3654ED321F3B}") = "BasicAuthentication", "src\BasicAuthentication\BasicAuthentication.xproj", "{116E6E3B-D8F5-4218-948C-A876D5332EA6}"
EndProject
Global
	GlobalSection(SolutionConfigurationPlatforms) = preSolution
		Debug|Any CPU = Debug|Any CPU
		Release|Any CPU = Release|Any CPU
	EndGlobalSection
	GlobalSection(ProjectConfigurationPlatforms) = postSolution
		{116E6E3B-D8F5-4218-948C-A876D5332EA6}.Debug|Any CPU.ActiveCfg = Debug|Any CPU
		{116E6E3B-D8F5-4218-948C-A876D5332EA6}.Debug|Any CPU.Build.0 = Debug|Any CPU
		{116E6E3B-D8F5-4218-948C-A876D5332EA6}.Release|Any CPU.ActiveCfg = Release|Any CPU
		{116E6E3B-D8F5-4218-948C-A876D5332EA6}.Release|Any CPU.Build.0 = Release|Any CPU
	EndGlobalSection
	GlobalSection(SolutionProperties) = preSolution
		HideSolutionNode = FALSE
	EndGlobalSection
	GlobalSection(NestedProjects) = preSolution
		{116E6E3B-D8F5-4218-948C-A876D5332EA6} = {D9483E1A-4C7D-4B05-BE85-7CAE38157FDB}
	EndGlobalSection
EndGlobal
